
Microsoft Visual Studio Solution File, Format Version 12.00
# Visual Studio Version 17
VisualStudioVersion = 17.3.32929.385
MinimumVisualStudioVersion = 10.0.40219.1
Project("{FAE04EC0-301F-11D3-BF4B-00C04F79EFBC}") = "WpfApp3", "WpfApp3\WpfApp3.csproj", "{F463D73E-6C3E-4F12-A95E-ECBC7C5A71F1}"
EndProject
Global
	GlobalSection(SolutionConfigurationPlatforms) = preSolution
		Debug|Any CPU = Debug|Any CPU
		Release|Any CPU = Release|Any CPU
	EndGlobalSection
	GlobalSection(ProjectConfigurationPlatforms) = postSolution
		{F463D73E-6C3E-4F12-A95E-ECBC7C5A71F1}.Debug|Any CPU.ActiveCfg = Debug|Any CPU
		{F463D73E-6C3E-4F12-A95E-ECBC7C5A71F1}.Debug|Any CPU.Build.0 = Debug|Any CPU
		{F463D73E-6C3E-4F12-A95E-ECBC7C5A71F1}.Release|Any CPU.ActiveCfg = Release|Any CPU
		{F463D73E-6C3E-4F12-A95E-ECBC7C5A71F1}.Release|Any CPU.Build.0 = Release|Any CPU
	EndGlobalSection
	GlobalSection(SolutionProperties) = preSolution
		HideSolutionNode = FALSE
	EndGlobalSection
	GlobalSection(ExtensibilityGlobals) = postSolution
		SolutionGuid = {283D98C5-E161-4B0C-BD23-7311B6448F63}
	EndGlobalSection
EndGlobal
